{
  "name": "dnd-booker",
  "lockfileVersion": 3,
  "requires": true,
  "packages": {
    "": {
      "name": "dnd-booker",
      "workspaces": [
        "client",
        "server",
        "worker",
        "shared"
      ]
    },
    "client": {
      "name": "@dnd-booker/client",
      "version": "0.0.0"
    },
    "node_modules/@dnd-booker/client": {
      "resolved": "client",
      "link": true
    },
    "node_modules/@dnd-booker/server": {
      "resolved": "server",
      "link": true
    },
    "node_modules/@dnd-booker/shared": {
      "resolved": "shared",
      "link": true
    },
    "node_modules/@dnd-booker/worker": {
      "resolved": "worker",
      "link": true
    },
    "node_modules/typescript": {
      "version": "5.9.3",
      "resolved": "https://registry.npmjs.org/typescript/-/typescript-5.9.3.tgz",
      "integrity": "sha512-jl1vZzPDinLr9eUt3J/t7V6FgNEw9QjvBPdysz9KfQDD41fQrC2Y4vKQdiaUpFT4bXlb1RHhLpp8wtm6M5TgSw==",
      "dev": true,
      "license": "Apache-2.0",
      "bin": {
        "tsc": "bin/tsc",
        "tsserver": "bin/tsserver"
      },
      "engines": {
        "node": ">=14.17"
      }
    },
    "server": {
      "name": "@dnd-booker/server",
      "version": "0.0.0"
    },
    "shared": {
      "name": "@dnd-booker/shared",
      "version": "0.0.1",
      "devDependencies": {
        "typescript": "^5.7.0"
      }
    },
    "worker": {
      "name": "@dnd-booker/worker",
      "version": "0.0.0"
    }
  }
}
